
Microsoft Visual Studio Solution File, Format Version 12.00
# Visual Studio Version 17
VisualStudioVersion = 17.5.33627.172
MinimumVisualStudioVersion = 10.0.40219.1
Project("{FAE04EC0-301F-11D3-BF4B-00C04F79EFBC}") = "LSAPI", "LSAPI\LSAPI.csproj", "{91AFE46F-E251-469B-B344-8B7E6E64938D}"
EndProject
Project("{FAE04EC0-301F-11D3-BF4B-00C04F79EFBC}") = "LocalShipper.Data", "LocalShipper.Data\LocalShipper.Data.csproj", "{2D8040A8-D19C-4B1F-8B89-B8D45DA9D7B5}"
EndProject
Project("{FAE04EC0-301F-11D3-BF4B-00C04F79EFBC}") = "LocalShipper.Service", "LocalShipper.Service\LocalShipper.Service.csproj", "{C122858E-9EF5-4B18-B829-1C466ACF2B6F}"
EndProject
Global
	GlobalSection(SolutionConfigurationPlatforms) = preSolution
		Debug|Any CPU = Debug|Any CPU
		Release|Any CPU = Release|Any CPU
	EndGlobalSection
	GlobalSection(ProjectConfigurationPlatforms) = postSolution
		{91AFE46F-E251-469B-B344-8B7E6E64938D}.Debug|Any CPU.ActiveCfg = Debug|Any CPU
		{91AFE46F-E251-469B-B344-8B7E6E64938D}.Debug|Any CPU.Build.0 = Debug|Any CPU
		{91AFE46F-E251-469B-B344-8B7E6E64938D}.Release|Any CPU.ActiveCfg = Release|Any CPU
		{91AFE46F-E251-469B-B344-8B7E6E64938D}.Release|Any CPU.Build.0 = Release|Any CPU
		{2D8040A8-D19C-4B1F-8B89-B8D45DA9D7B5}.Debug|Any CPU.ActiveCfg = Debug|Any CPU
		{2D8040A8-D19C-4B1F-8B89-B8D45DA9D7B5}.Debug|Any CPU.Build.0 = Debug|Any CPU
		{2D8040A8-D19C-4B1F-8B89-B8D45DA9D7B5}.Release|Any CPU.ActiveCfg = Release|Any CPU
		{2D8040A8-D19C-4B1F-8B89-B8D45DA9D7B5}.Release|Any CPU.Build.0 = Release|Any CPU
		{C122858E-9EF5-4B18-B829-1C466ACF2B6F}.Debug|Any CPU.ActiveCfg = Debug|Any CPU
		{C122858E-9EF5-4B18-B829-1C466ACF2B6F}.Debug|Any CPU.Build.0 = Debug|Any CPU
		{C122858E-9EF5-4B18-B829-1C466ACF2B6F}.Release|Any CPU.ActiveCfg = Release|Any CPU
		{C122858E-9EF5-4B18-B829-1C466ACF2B6F}.Release|Any CPU.Build.0 = Release|Any CPU
	EndGlobalSection
	GlobalSection(SolutionProperties) = preSolution
		HideSolutionNode = FALSE
	EndGlobalSection
	GlobalSection(ExtensibilityGlobals) = postSolution
		SolutionGuid = {5613A485-D999-4E2F-9E12-316DD7516CA5}
	EndGlobalSection
EndGlobal
