
Microsoft Visual Studio Solution File, Format Version 12.00
# Visual Studio Version 17
VisualStudioVersion = 17.5.33627.172
MinimumVisualStudioVersion = 10.0.40219.1
Project("{9A19103F-16F7-4668-BE54-9A1E7A4F7556}") = "LSAPI", "LSAPI\LSAPI.csproj", "{A23209D7-E53D-4F17-9F5D-EEAA620C80B5}"
EndProject
Project("{9A19103F-16F7-4668-BE54-9A1E7A4F7556}") = "LocalShipper.Service", "LocalShipper.Service\LocalShipper.Service.csproj", "{12544738-E8BD-461A-8964-0D734D1B16BB}"
EndProject
Project("{FAE04EC0-301F-11D3-BF4B-00C04F79EFBC}") = "LocalShipper.Data", "LocalShipper.Data\LocalShipper.Data.csproj", "{707E767A-3227-46B1-85D0-975BBB5334F9}"
EndProject
Global
	GlobalSection(SolutionConfigurationPlatforms) = preSolution
		Debug|Any CPU = Debug|Any CPU
		Release|Any CPU = Release|Any CPU
	EndGlobalSection
	GlobalSection(ProjectConfigurationPlatforms) = postSolution
		{A23209D7-E53D-4F17-9F5D-EEAA620C80B5}.Debug|Any CPU.ActiveCfg = Debug|Any CPU
		{A23209D7-E53D-4F17-9F5D-EEAA620C80B5}.Debug|Any CPU.Build.0 = Debug|Any CPU
		{A23209D7-E53D-4F17-9F5D-EEAA620C80B5}.Release|Any CPU.ActiveCfg = Release|Any CPU
		{A23209D7-E53D-4F17-9F5D-EEAA620C80B5}.Release|Any CPU.Build.0 = Release|Any CPU
		{12544738-E8BD-461A-8964-0D734D1B16BB}.Debug|Any CPU.ActiveCfg = Debug|Any CPU
		{12544738-E8BD-461A-8964-0D734D1B16BB}.Debug|Any CPU.Build.0 = Debug|Any CPU
		{12544738-E8BD-461A-8964-0D734D1B16BB}.Release|Any CPU.ActiveCfg = Release|Any CPU
		{12544738-E8BD-461A-8964-0D734D1B16BB}.Release|Any CPU.Build.0 = Release|Any CPU
		{707E767A-3227-46B1-85D0-975BBB5334F9}.Debug|Any CPU.ActiveCfg = Debug|Any CPU
		{707E767A-3227-46B1-85D0-975BBB5334F9}.Debug|Any CPU.Build.0 = Debug|Any CPU
		{707E767A-3227-46B1-85D0-975BBB5334F9}.Release|Any CPU.ActiveCfg = Release|Any CPU
		{707E767A-3227-46B1-85D0-975BBB5334F9}.Release|Any CPU.Build.0 = Release|Any CPU
	EndGlobalSection
	GlobalSection(SolutionProperties) = preSolution
		HideSolutionNode = FALSE
	EndGlobalSection
	GlobalSection(ExtensibilityGlobals) = postSolution
		SolutionGuid = {55A3FBAE-3641-49A0-B3AC-ABC7573E9F9C}
	EndGlobalSection
EndGlobal
